
Microsoft Visual Studio Solution File, Format Version 12.00
# Visual Studio 14
VisualStudioVersion = 14.0.25420.1
MinimumVisualStudioVersion = 10.0.40219.1
Project("{FAE04EC0-301F-11D3-BF4B-00C04F79EFBC}") = "JapanProga", "JapanProga\JapanProga.csproj", "{F5E7ED54-3749-4813-90CF-E81B1327F826}"
EndProject
Global
	GlobalSection(SolutionConfigurationPlatforms) = preSolution
		Debug|Any CPU = Debug|Any CPU
		Release|Any CPU = Release|Any CPU
	EndGlobalSection
	GlobalSection(ProjectConfigurationPlatforms) = postSolution
		{F5E7ED54-3749-4813-90CF-E81B1327F826}.Debug|Any CPU.ActiveCfg = Debug|Any CPU
		{F5E7ED54-3749-4813-90CF-E81B1327F826}.Debug|Any CPU.Build.0 = Debug|Any CPU
		{F5E7ED54-3749-4813-90CF-E81B1327F826}.Release|Any CPU.ActiveCfg = Release|Any CPU
		{F5E7ED54-3749-4813-90CF-E81B1327F826}.Release|Any CPU.Build.0 = Release|Any CPU
	EndGlobalSection
	GlobalSection(SolutionProperties) = preSolution
		HideSolutionNode = FALSE
	EndGlobalSection
EndGlobal
